
Microsoft Visual Studio Solution File, Format Version 12.00
# Visual Studio 2012
VisualStudioVersion = 12.0.40629.0
MinimumVisualStudioVersion = 10.0.40219.1
Project("{2150E333-8FDC-42A3-9474-1A3956D46DE8}") = ".paket", ".paket", "{B088FCE9-0FB8-418D-B4F8-9FDE4484A292}"
	ProjectSection(SolutionItems) = preProject
		paket.dependencies = paket.dependencies
	EndProjectSection
EndProject
Project("{2150E333-8FDC-42A3-9474-1A3956D46DE8}") = "samples", "samples", "{E51BCCED-94BB-4C92-98A0-3D1310E01FAE}"
EndProject
Project("{2150E333-8FDC-42A3-9474-1A3956D46DE8}") = "StateNameServer", "StateNameServer", "{26870E6B-C93E-4102-91F6-938B2603CE9A}"
EndProject
Project("{FAE04EC0-301F-11D3-BF4B-00C04F79EFBC}") = "client", "samples\StateNameServer\client\client.csproj", "{B9984631-7145-438E-968C-5F58A10D26C5}"
	ProjectSection(ProjectDependencies) = postProject
		{D336462F-2F05-4B21-B616-BE7A0F8F8134} = {D336462F-2F05-4B21-B616-BE7A0F8F8134}
		{1B4B0A58-0AFB-4090-91DD-18912CC7DE65} = {1B4B0A58-0AFB-4090-91DD-18912CC7DE65}
	EndProjectSection
EndProject
Project("{FAE04EC0-301F-11D3-BF4B-00C04F79EFBC}") = "interface", "samples\StateNameServer\interface\interface.csproj", "{D336462F-2F05-4B21-B616-BE7A0F8F8134}"
	ProjectSection(ProjectDependencies) = postProject
		{1B4B0A58-0AFB-4090-91DD-18912CC7DE65} = {1B4B0A58-0AFB-4090-91DD-18912CC7DE65}
	EndProjectSection
EndProject
Project("{FAE04EC0-301F-11D3-BF4B-00C04F79EFBC}") = "server", "samples\StateNameServer\server\server.csproj", "{84AFB9E3-2694-46D6-AF0F-F4EE213F0CEC}"
	ProjectSection(ProjectDependencies) = postProject
		{D336462F-2F05-4B21-B616-BE7A0F8F8134} = {D336462F-2F05-4B21-B616-BE7A0F8F8134}
		{1B4B0A58-0AFB-4090-91DD-18912CC7DE65} = {1B4B0A58-0AFB-4090-91DD-18912CC7DE65}
		{7549FCD3-D436-44DC-A013-0D0630B7236B} = {7549FCD3-D436-44DC-A013-0D0630B7236B}
	EndProjectSection
EndProject
Project("{FAE04EC0-301F-11D3-BF4B-00C04F79EFBC}") = "AsyncBettyApplication", "samples\AsyncBettyApplication\AsyncBettyApplication.csproj", "{47C8D059-8A35-42D2-8F63-559A788A5695}"
	ProjectSection(ProjectDependencies) = postProject
		{1B4B0A58-0AFB-4090-91DD-18912CC7DE65} = {1B4B0A58-0AFB-4090-91DD-18912CC7DE65}
	EndProjectSection
EndProject
Project("{FAE04EC0-301F-11D3-BF4B-00C04F79EFBC}") = "BettyApplication", "samples\BettyApplication\BettyApplication.csproj", "{D82D2A7C-CCBD-4229-9B91-1BDB26F8D5D1}"
	ProjectSection(ProjectDependencies) = postProject
		{1B4B0A58-0AFB-4090-91DD-18912CC7DE65} = {1B4B0A58-0AFB-4090-91DD-18912CC7DE65}
	EndProjectSection
EndProject
Project("{FAE04EC0-301F-11D3-BF4B-00C04F79EFBC}") = "LoggingExample", "samples\LoggingExample\LoggingExample.csproj", "{3AD1D8E7-9F7A-423E-B655-70F8E778AFE9}"
	ProjectSection(ProjectDependencies) = postProject
		{1B4B0A58-0AFB-4090-91DD-18912CC7DE65} = {1B4B0A58-0AFB-4090-91DD-18912CC7DE65}
	EndProjectSection
EndProject
Project("{FAE04EC0-301F-11D3-BF4B-00C04F79EFBC}") = "MathApp", "samples\MathApp\MathApp.csproj", "{459B4B09-B331-499B-A33A-BFDA6AED19EE}"
	ProjectSection(ProjectDependencies) = postProject
		{1B4B0A58-0AFB-4090-91DD-18912CC7DE65} = {1B4B0A58-0AFB-4090-91DD-18912CC7DE65}
	EndProjectSection
EndProject
Project("{FAE04EC0-301F-11D3-BF4B-00C04F79EFBC}") = "MathService", "samples\MathService\MathService.csproj", "{44298FB2-44CA-4CDF-A806-98BCAC5DB179}"
	ProjectSection(ProjectDependencies) = postProject
		{1B4B0A58-0AFB-4090-91DD-18912CC7DE65} = {1B4B0A58-0AFB-4090-91DD-18912CC7DE65}
		{7549FCD3-D436-44DC-A013-0D0630B7236B} = {7549FCD3-D436-44DC-A013-0D0630B7236B}
	EndProjectSection
EndProject
Project("{FAE04EC0-301F-11D3-BF4B-00C04F79EFBC}") = "CookComputing.XmlRpc", "src\CookComputing.XmlRpc.csproj", "{1B4B0A58-0AFB-4090-91DD-18912CC7DE65}"
EndProject
Project("{FAE04EC0-301F-11D3-BF4B-00C04F79EFBC}") = "CookComputing.XmlRpcServer", "xmlrpcserver\CookComputing.XmlRpcServer.csproj", "{7549FCD3-D436-44DC-A013-0D0630B7236B}"
	ProjectSection(ProjectDependencies) = postProject
		{1B4B0A58-0AFB-4090-91DD-18912CC7DE65} = {1B4B0A58-0AFB-4090-91DD-18912CC7DE65}
	EndProjectSection
EndProject
Project("{FAE04EC0-301F-11D3-BF4B-00C04F79EFBC}") = "Test", "Test\Test.csproj", "{6E73A11C-9595-4C6C-93C2-760BFEA37A1A}"
	ProjectSection(ProjectDependencies) = postProject
		{1B4B0A58-0AFB-4090-91DD-18912CC7DE65} = {1B4B0A58-0AFB-4090-91DD-18912CC7DE65}
		{7549FCD3-D436-44DC-A013-0D0630B7236B} = {7549FCD3-D436-44DC-A013-0D0630B7236B}
	EndProjectSection
EndProject
Global
	GlobalSection(SolutionConfigurationPlatforms) = preSolution
		Debug|Any CPU = Debug|Any CPU
		Release|Any CPU = Release|Any CPU
		Samples|Any CPU = Samples|Any CPU
	EndGlobalSection
	GlobalSection(ProjectConfigurationPlatforms) = postSolution
		{1B4B0A58-0AFB-4090-91DD-18912CC7DE65}.Debug|Any CPU.ActiveCfg = Debug|Any CPU
		{1B4B0A58-0AFB-4090-91DD-18912CC7DE65}.Debug|Any CPU.Build.0 = Debug|Any CPU
		{1B4B0A58-0AFB-4090-91DD-18912CC7DE65}.Release|Any CPU.ActiveCfg = Release|Any CPU
		{1B4B0A58-0AFB-4090-91DD-18912CC7DE65}.Release|Any CPU.Build.0 = Release|Any CPU
		{1B4B0A58-0AFB-4090-91DD-18912CC7DE65}.Samples|Any CPU.ActiveCfg = Samples|Any CPU
		{1B4B0A58-0AFB-4090-91DD-18912CC7DE65}.Samples|Any CPU.Build.0 = Samples|Any CPU
		{3AD1D8E7-9F7A-423E-B655-70F8E778AFE9}.Debug|Any CPU.ActiveCfg = Debug|Any CPU
		{3AD1D8E7-9F7A-423E-B655-70F8E778AFE9}.Release|Any CPU.ActiveCfg = Release|Any CPU
		{3AD1D8E7-9F7A-423E-B655-70F8E778AFE9}.Samples|Any CPU.ActiveCfg = Samples|Any CPU
		{3AD1D8E7-9F7A-423E-B655-70F8E778AFE9}.Samples|Any CPU.Build.0 = Samples|Any CPU
		{44298FB2-44CA-4CDF-A806-98BCAC5DB179}.Debug|Any CPU.ActiveCfg = Debug|Any CPU
		{44298FB2-44CA-4CDF-A806-98BCAC5DB179}.Release|Any CPU.ActiveCfg = Release|Any CPU
		{44298FB2-44CA-4CDF-A806-98BCAC5DB179}.Samples|Any CPU.ActiveCfg = Samples|Any CPU
		{44298FB2-44CA-4CDF-A806-98BCAC5DB179}.Samples|Any CPU.Build.0 = Samples|Any CPU
		{459B4B09-B331-499B-A33A-BFDA6AED19EE}.Debug|Any CPU.ActiveCfg = Debug|Any CPU
		{459B4B09-B331-499B-A33A-BFDA6AED19EE}.Release|Any CPU.ActiveCfg = Release|Any CPU
		{459B4B09-B331-499B-A33A-BFDA6AED19EE}.Samples|Any CPU.ActiveCfg = Samples|Any CPU
		{459B4B09-B331-499B-A33A-BFDA6AED19EE}.Samples|Any CPU.Build.0 = Samples|Any CPU
		{47C8D059-8A35-42D2-8F63-559A788A5695}.Debug|Any CPU.ActiveCfg = Debug|Any CPU
		{47C8D059-8A35-42D2-8F63-559A788A5695}.Release|Any CPU.ActiveCfg = Release|Any CPU
		{47C8D059-8A35-42D2-8F63-559A788A5695}.Samples|Any CPU.ActiveCfg = Samples|Any CPU
		{47C8D059-8A35-42D2-8F63-559A788A5695}.Samples|Any CPU.Build.0 = Samples|Any CPU
		{6E73A11C-9595-4C6C-93C2-760BFEA37A1A}.Debug|Any CPU.ActiveCfg = Debug|Any CPU
		{6E73A11C-9595-4C6C-93C2-760BFEA37A1A}.Debug|Any CPU.Build.0 = Debug|Any CPU
		{6E73A11C-9595-4C6C-93C2-760BFEA37A1A}.Release|Any CPU.ActiveCfg = Release|Any CPU
		{6E73A11C-9595-4C6C-93C2-760BFEA37A1A}.Samples|Any CPU.ActiveCfg = Samples|Any CPU
		{7549FCD3-D436-44DC-A013-0D0630B7236B}.Debug|Any CPU.ActiveCfg = Debug|Any CPU
		{7549FCD3-D436-44DC-A013-0D0630B7236B}.Debug|Any CPU.Build.0 = Debug|Any CPU
		{7549FCD3-D436-44DC-A013-0D0630B7236B}.Release|Any CPU.ActiveCfg = Release|Any CPU
		{7549FCD3-D436-44DC-A013-0D0630B7236B}.Release|Any CPU.Build.0 = Release|Any CPU
		{7549FCD3-D436-44DC-A013-0D0630B7236B}.Samples|Any CPU.ActiveCfg = Samples|Any CPU
		{7549FCD3-D436-44DC-A013-0D0630B7236B}.Samples|Any CPU.Build.0 = Samples|Any CPU
		{84AFB9E3-2694-46D6-AF0F-F4EE213F0CEC}.Debug|Any CPU.ActiveCfg = Debug|Any CPU
		{84AFB9E3-2694-46D6-AF0F-F4EE213F0CEC}.Release|Any CPU.ActiveCfg = Release|Any CPU
		{84AFB9E3-2694-46D6-AF0F-F4EE213F0CEC}.Samples|Any CPU.ActiveCfg = Samples|Any CPU
		{84AFB9E3-2694-46D6-AF0F-F4EE213F0CEC}.Samples|Any CPU.Build.0 = Samples|Any CPU
		{B9984631-7145-438E-968C-5F58A10D26C5}.Debug|Any CPU.ActiveCfg = Debug|Any CPU
		{B9984631-7145-438E-968C-5F58A10D26C5}.Release|Any CPU.ActiveCfg = Release|Any CPU
		{B9984631-7145-438E-968C-5F58A10D26C5}.Samples|Any CPU.ActiveCfg = Samples|Any CPU
		{B9984631-7145-438E-968C-5F58A10D26C5}.Samples|Any CPU.Build.0 = Samples|Any CPU
		{D336462F-2F05-4B21-B616-BE7A0F8F8134}.Debug|Any CPU.ActiveCfg = Debug|Any CPU
		{D336462F-2F05-4B21-B616-BE7A0F8F8134}.Release|Any CPU.ActiveCfg = Release|Any CPU
		{D336462F-2F05-4B21-B616-BE7A0F8F8134}.Samples|Any CPU.ActiveCfg = Samples|Any CPU
		{D336462F-2F05-4B21-B616-BE7A0F8F8134}.Samples|Any CPU.Build.0 = Samples|Any CPU
		{D82D2A7C-CCBD-4229-9B91-1BDB26F8D5D1}.Debug|Any CPU.ActiveCfg = Debug|Any CPU
		{D82D2A7C-CCBD-4229-9B91-1BDB26F8D5D1}.Release|Any CPU.ActiveCfg = Release|Any CPU
		{D82D2A7C-CCBD-4229-9B91-1BDB26F8D5D1}.Samples|Any CPU.ActiveCfg = Samples|Any CPU
		{D82D2A7C-CCBD-4229-9B91-1BDB26F8D5D1}.Samples|Any CPU.Build.0 = Samples|Any CPU
	EndGlobalSection
	GlobalSection(NestedProjects) = preSolution
		{26870E6B-C93E-4102-91F6-938B2603CE9A} = {E51BCCED-94BB-4C92-98A0-3D1310E01FAE}
		{47C8D059-8A35-42D2-8F63-559A788A5695} = {E51BCCED-94BB-4C92-98A0-3D1310E01FAE}
		{D82D2A7C-CCBD-4229-9B91-1BDB26F8D5D1} = {E51BCCED-94BB-4C92-98A0-3D1310E01FAE}
		{3AD1D8E7-9F7A-423E-B655-70F8E778AFE9} = {E51BCCED-94BB-4C92-98A0-3D1310E01FAE}
		{459B4B09-B331-499B-A33A-BFDA6AED19EE} = {E51BCCED-94BB-4C92-98A0-3D1310E01FAE}
		{44298FB2-44CA-4CDF-A806-98BCAC5DB179} = {E51BCCED-94BB-4C92-98A0-3D1310E01FAE}
		{B9984631-7145-438E-968C-5F58A10D26C5} = {26870E6B-C93E-4102-91F6-938B2603CE9A}
		{D336462F-2F05-4B21-B616-BE7A0F8F8134} = {26870E6B-C93E-4102-91F6-938B2603CE9A}
		{84AFB9E3-2694-46D6-AF0F-F4EE213F0CEC} = {26870E6B-C93E-4102-91F6-938B2603CE9A}
	EndGlobalSection
	GlobalSection(MonoDevelopProperties) = preSolution
		Policies = $0
		$0.DotNetNamingPolicy = $1
		$1.DirectoryNamespaceAssociation = None
		$1.ResourceNamePolicy = FileFormatDefault
		$0.TextStylePolicy = $2
		$2.inheritsSet = null
		$2.scope = text/x-csharp
		$0.CSharpFormattingPolicy = $3
		$3.IndentSwitchBody = True
		$3.AlignEmbeddedStatements = False
		$3.SimplePropertyFormatting = ForceNewLine
		$3.AutoPropertyFormatting = ForceOneLine
		$3.AnonymousMethodBraceStyle = NextLine
		$3.PropertyGetBraceStyle = NextLine
		$3.PropertySetBraceStyle = NextLine
		$3.SimpleGetBlockFormatting = ForceOneLine
		$3.SimpleSetBlockFormatting = ForceOneLine
		$3.EventBraceStyle = NextLine
		$3.EventAddBraceStyle = NextLine
		$3.EventRemoveBraceStyle = NextLine
		$3.StatementBraceStyle = NextLine
		$3.ElseNewLinePlacement = NewLine
		$3.CatchNewLinePlacement = NewLine
		$3.FinallyNewLinePlacement = NewLine
		$3.BeforeMethodDeclarationParentheses = False
		$3.BeforeMethodCallParentheses = False
		$3.BeforeConstructorDeclarationParentheses = False
		$3.BeforeIndexerDeclarationBracket = False
		$3.BeforeDelegateDeclarationParentheses = False
		$3.AfterDelegateDeclarationParameterComma = True
		$3.NewParentheses = False
		$3.SpacesBeforeBrackets = False
		$3.MethodCallArgumentWrapping = WrapIfTooLong
		$3.NewLineAferMethodCallOpenParentheses = NewLine
		$3.MethodCallClosingParenthesesOnNewLine = SameLine
		$3.MethodDeclarationParameterWrapping = WrapIfTooLong
		$3.NewLineAferMethodDeclarationOpenParentheses = NewLine
		$3.MethodDeclarationClosingParenthesesOnNewLine = SameLine
		$3.AlignToFirstMethodDeclarationParameter = False
		$3.IndexerDeclarationParameterWrapping = WrapIfTooLong
		$3.NewLineAferIndexerDeclarationOpenBracket = NewLine
		$3.IndexerDeclarationClosingBracketOnNewLine = NewLine
		$3.AlignToFirstIndexerDeclarationParameter = False
		$3.IndexerArgumentWrapping = WrapIfTooLong
		$3.NewLineAferIndexerOpenBracket = NewLine
		$3.IndexerClosingBracketOnNewLine = NewLine
		$3.inheritsSet = Mono
		$3.inheritsScope = text/x-csharp
		$3.scope = text/x-csharp
		$0.TextStylePolicy = $4
		$4.FileWidth = 120
		$4.EolMarker = Unix
		$4.inheritsSet = VisualStudio
		$4.inheritsScope = text/plain
		$4.scope = text/plain
		$0.TextStylePolicy = $5
		$5.inheritsSet = null
		$5.scope = application/config+xml
		$0.XmlFormattingPolicy = $6
		$6.inheritsSet = null
		$6.scope = application/config+xml
		$0.TextStylePolicy = $7
		$7.inheritsSet = null
		$7.scope = application/xml
		$0.XmlFormattingPolicy = $8
		$8.inheritsSet = Mono
		$8.inheritsScope = application/xml
		$8.scope = application/xml
		$0.TextStylePolicy = $9
		$9.inheritsSet = null
		$9.scope = text/microsoft-resx
		$0.XmlFormattingPolicy = $10
		$10.inheritsSet = null
		$10.scope = text/microsoft-resx
		$0.TextStylePolicy = $11
		$11.inheritsSet = null
		$11.scope = application/paket-references
		$0.StandardHeader = $12
		$12.Text = @XML-RPC.NET library\nCopyright (c) 2001-2006, Charles Cook <charlescook@cookcomputing.com>\n\nPermission is hereby granted, free of charge, to any person \nobtaining a copy of this software and associated documentation \nfiles (the "Software"), to deal in the Software without restriction, \nincluding without limitation the rights to use, copy, modify, merge, \npublish, distribute, sublicense, and/or sell copies of the Software, \nand to permit persons to whom the Software is furnished to do so, \nsubject to the following conditions:\n\nThe above copyright notice and this permission notice shall be \nincluded in all copies or substantial portions of the Software.\n\nTHE SOFTWARE IS PROVIDED "AS IS", WITHOUT WARRANTY OF ANY KIND, \nEXPRESS OR IMPLIED, INCLUDING BUT NOT LIMITED TO THE WARRANTIES \nOF MERCHANTABILITY, FITNESS FOR A PARTICULAR PURPOSE AND \nNONINFRINGEMENT. IN NO EVENT SHALL THE AUTHORS OR COPYRIGHT \nHOLDERS BE LIABLE FOR ANY CLAIM, DAMAGES OR OTHER LIABILITY, \nWHETHER IN AN ACTION OF CONTRACT, TORT OR OTHERWISE, ARISING FROM, \nOUT OF OR IN CONNECTION WITH THE SOFTWARE OR THE USE OR OTHER \nDEALINGS IN THE SOFTWARE.\n\n
		$12.IncludeInNewFiles = True
		$0.NameConventionPolicy = $13
		$13.Rules = $14
		$14.NamingRule = $15
		$15.Name = Namespaces
		$15.AffectedEntity = Namespace
		$15.VisibilityMask = VisibilityMask
		$15.NamingStyle = PascalCase
		$15.IncludeInstanceMembers = True
		$15.IncludeStaticEntities = True
		$14.NamingRule = $16
		$16.Name = Types
		$16.AffectedEntity = Class, Struct, Enum, Delegate
		$16.VisibilityMask = Public
		$16.NamingStyle = PascalCase
		$16.IncludeInstanceMembers = True
		$16.IncludeStaticEntities = True
		$14.NamingRule = $17
		$17.Name = Interfaces
		$17.RequiredPrefixes = $18
		$18.String = I
		$17.AffectedEntity = Interface
		$17.VisibilityMask = Public
		$17.NamingStyle = PascalCase
		$17.IncludeInstanceMembers = True
		$17.IncludeStaticEntities = True
		$14.NamingRule = $19
		$19.Name = Attributes
		$19.RequiredSuffixes = $20
		$20.String = Attribute
		$19.AffectedEntity = CustomAttributes
		$19.VisibilityMask = Public
		$19.NamingStyle = PascalCase
		$19.IncludeInstanceMembers = True
		$19.IncludeStaticEntities = True
		$14.NamingRule = $21
		$21.Name = Event Arguments
		$21.RequiredSuffixes = $22
		$22.String = EventArgs
		$21.AffectedEntity = CustomEventArgs
		$21.VisibilityMask = Public
		$21.NamingStyle = PascalCase
		$21.IncludeInstanceMembers = True
		$21.IncludeStaticEntities = True
		$14.NamingRule = $23
		$23.Name = Exceptions
		$23.RequiredSuffixes = $24
		$24.String = Exception
		$23.AffectedEntity = CustomExceptions
		$23.VisibilityMask = VisibilityMask
		$23.NamingStyle = PascalCase
		$23.IncludeInstanceMembers = True
		$23.IncludeStaticEntities = True
		$14.NamingRule = $25
		$25.Name = Methods
		$25.AffectedEntity = Methods
		$25.VisibilityMask = Protected, Public
		$25.NamingStyle = PascalCase
		$25.IncludeInstanceMembers = True
		$25.IncludeStaticEntities = True
		$14.NamingRule = $26
		$26.Name = Static Readonly Fields
		$26.AffectedEntity = ReadonlyField
		$26.VisibilityMask = Protected, Public
		$26.NamingStyle = PascalCase
		$26.IncludeInstanceMembers = False
		$26.IncludeStaticEntities = True
		$14.NamingRule = $27
		$27.Name = Fields
		$27.AffectedEntity = Field
		$27.VisibilityMask = Protected, Public
		$27.NamingStyle = PascalCase
		$27.IncludeInstanceMembers = True
		$27.IncludeStaticEntities = True
		$14.NamingRule = $28
		$28.Name = ReadOnly Fields
		$28.AffectedEntity = ReadonlyField
		$28.VisibilityMask = Protected, Public
		$28.NamingStyle = PascalCase
		$28.IncludeInstanceMembers = True
		$28.IncludeStaticEntities = False
		$14.NamingRule = $29
		$29.Name = Constant Fields
		$29.AffectedEntity = ConstantField
		$29.VisibilityMask = Protected, Public
		$29.NamingStyle = PascalCase
		$29.IncludeInstanceMembers = True
		$29.IncludeStaticEntities = True
		$14.NamingRule = $30
		$30.Name = Properties
		$30.AffectedEntity = Property
		$30.VisibilityMask = Protected, Public
		$30.NamingStyle = PascalCase
		$30.IncludeInstanceMembers = True
		$30.IncludeStaticEntities = True
		$14.NamingRule = $31
		$31.Name = Events
		$31.AffectedEntity = Event
		$31.VisibilityMask = Protected, Public
		$31.NamingStyle = PascalCase
		$31.IncludeInstanceMembers = True
		$31.IncludeStaticEntities = True
		$14.NamingRule = $32
		$32.Name = Enum Members
		$32.AffectedEntity = EnumMember
		$32.VisibilityMask = VisibilityMask
		$32.NamingStyle = PascalCase
		$32.IncludeInstanceMembers = True
		$32.IncludeStaticEntities = True
		$14.NamingRule = $33
		$33.Name = Parameters
		$33.AffectedEntity = Parameter
		$33.VisibilityMask = VisibilityMask
		$33.NamingStyle = CamelCase
		$33.IncludeInstanceMembers = True
		$33.IncludeStaticEntities = True
		$14.NamingRule = $34
		$34.Name = Type Parameters
		$34.RequiredPrefixes = $35
		$35.String = T
		$34.AffectedEntity = TypeParameter
		$34.VisibilityMask = VisibilityMask
		$34.NamingStyle = PascalCase
		$34.IncludeInstanceMembers = True
		$34.IncludeStaticEntities = True
		$14.NamingRule = $36
		$36.Name = Private fields
		$36.RequiredPrefixes = $37
		$37.String = _
		$36.AffectedEntity = Field
		$36.VisibilityMask = Private
		$36.NamingStyle = CamelCase
		$36.IncludeInstanceMembers = True
		$36.IncludeStaticEntities = True
	EndGlobalSection
	GlobalSection(SolutionProperties) = preSolution
		HideSolutionNode = FALSE
	EndGlobalSection
EndGlobal
